{
    "name": "@bradthomasbrown/evm",
    "lockfileVersion": 3,
    "requires": true,
    "packages": {
        "": {
            "name": "@bradthomasbrown/evm",
            "dependencies": {
                "@bradthomasbrown/75bb14": "^1.0.0",
                "@bradthomasbrown/900ef2": "^1.0.0",
                "@bradthomasbrown/ecdsa": "^2.0.1",
                "@bradthomasbrown/entity": "^1.0.1",
                "@bradthomasbrown/finite-field": "^2.0.5",
                "@bradthomasbrown/keccak": "^1.0.1",
                "@bradthomasbrown/machine": "^1.0.0",
                "@bradthomasbrown/rlp": "^1.0.0",
                "@types/bun": "^1.3.5"
            }
        },
        "node_modules/@bradthomasbrown/75bb14": {
            "version": "1.0.0",
            "resolved": "https://registry.npmjs.org/@bradthomasbrown/75bb14/-/75bb14-1.0.0.tgz",
            "integrity": "sha512-jLVUd7tIszXUruwAIM2217QtTaf2rEQYd79UJXPcseXmPtzrBQbtnOQkNqlBLlZ+s7CsNzaLFM3zgqnGAtdkKQ==",
            "dependencies": {
                "@bradthomasbrown/ecdsa": "^2.0.1",
                "@bradthomasbrown/ejra": "^1.0.6",
                "@bradthomasbrown/entity": "^1.0.1",
                "@bradthomasbrown/keccak": "^1.0.1",
                "@bradthomasbrown/rlp": "^1.0.0"
            }
        },
        "node_modules/@bradthomasbrown/900ef2": {
            "version": "1.0.0",
            "resolved": "https://registry.npmjs.org/@bradthomasbrown/900ef2/-/900ef2-1.0.0.tgz",
            "integrity": "sha512-Q4ZiC3jHlS2wzF7Wia7dpEupTyebZvVNznPjrxoIjH+JuR0ReOxj5Cec/QqxPvms9zUlOBsvnBa8wtnoLsJg6g==",
            "dependencies": {
                "@bradthomasbrown/ejra": "^1.0.5",
                "@bradthomasbrown/podman": "^1.1.7"
            }
        },
        "node_modules/@bradthomasbrown/ecdsa": {
            "version": "2.0.1",
            "resolved": "https://registry.npmjs.org/@bradthomasbrown/ecdsa/-/ecdsa-2.0.1.tgz",
            "integrity": "sha512-nb9m3OiH9uzlV19b1VwEqied/xVyaJcS2ITPBKLh+kvTj+/XGS6FiUQuToqRMH1+TRVsJWT4HHPH4Hdy77pjQQ==",
            "dependencies": {
                "@bradthomasbrown/finite-curve": "^3.0.0",
                "@bradthomasbrown/finite-domain": "^2.0.0",
                "@bradthomasbrown/keccak": "^1.0.0"
            }
        },
        "node_modules/@bradthomasbrown/ejra": {
            "version": "1.0.6",
            "resolved": "https://registry.npmjs.org/@bradthomasbrown/ejra/-/ejra-1.0.6.tgz",
            "integrity": "sha512-33VDrlvNCV9Gqx5RMAcDWkqMJXMDBeK3/Y+R/EOU/H0Z9mFcCi5dlQDeqLJNbwh+e3QOkXjH20lrGxB32QR4dw==",
            "dependencies": {
                "@bradthomasbrown/jra": "^1.0.6"
            }
        },
        "node_modules/@bradthomasbrown/entity": {
            "version": "1.0.1",
            "resolved": "https://registry.npmjs.org/@bradthomasbrown/entity/-/entity-1.0.1.tgz",
            "integrity": "sha512-eBV0YVKdEekJxnj0XoF1G37Tl9pjTw1+4Y7fTpTnmOBDZ24kyM3q5unI2G061pY3h1ZkMrY/G3cjjflD/hg2gA==",
            "dependencies": {
                "@bradthomasbrown/ecdsa": "^2.0.1",
                "@bradthomasbrown/finite-curve": "^3.0.0",
                "@bradthomasbrown/finite-domain": "^2.0.0",
                "@bradthomasbrown/keccak": "^1.0.1"
            }
        },
        "node_modules/@bradthomasbrown/finite-curve": {
            "version": "3.0.0",
            "resolved": "https://registry.npmjs.org/@bradthomasbrown/finite-curve/-/finite-curve-3.0.0.tgz",
            "integrity": "sha512-iUnTvhfAjp5iYWU89KWyNMRN4Z1SdeOB963vMW48ea3/OgSWCcgtd7BM2mZJm/hez0+iEPo8LIFuE5EsH6jzqA==",
            "dependencies": {
                "@bradthomasbrown/finite-field": "^2.0.0"
            }
        },
        "node_modules/@bradthomasbrown/finite-domain": {
            "version": "2.0.0",
            "resolved": "https://registry.npmjs.org/@bradthomasbrown/finite-domain/-/finite-domain-2.0.0.tgz",
            "integrity": "sha512-cGJsXPFKQ+CkGexolfTD8k3I6XIXN5iODPcBKZ7TaivVWezuMCVH1rApWzhZHVL4PYAYJZuX2UfFoXJ/Ewsuew==",
            "dependencies": {
                "@bradthomasbrown/finite-curve": "^3.0.0",
                "@bradthomasbrown/finite-field": "^2.0.0"
            }
        },
        "node_modules/@bradthomasbrown/finite-field": {
            "version": "2.0.5",
            "resolved": "https://registry.npmjs.org/@bradthomasbrown/finite-field/-/finite-field-2.0.5.tgz",
            "integrity": "sha512-poncxbfqYkK4vHnTbxUNqOjTwPLda2eNCkZirwuonhcPCqO7dCPsgYO7PRHmgjPw2s4PMk0ZsVek8+qHvcEPUQ=="
        },
        "node_modules/@bradthomasbrown/jra": {
            "version": "1.0.6",
            "resolved": "https://registry.npmjs.org/@bradthomasbrown/jra/-/jra-1.0.6.tgz",
            "integrity": "sha512-Rhj65BY2sn6IDedRuiqQH/yeK4xqRZDrBvCH2IqlnNY1tkPu9/9PLyMub4sZmq7WsBMze43gTiiJ8PuqUIemIw=="
        },
        "node_modules/@bradthomasbrown/keccak": {
            "version": "1.0.1",
            "resolved": "https://registry.npmjs.org/@bradthomasbrown/keccak/-/keccak-1.0.1.tgz",
            "integrity": "sha512-C8cOLcHJ2Wgq7xWUy0/OGT3qzMY3GNcs6QFnwHv5oYGorrP/EmJ5XeAm37FWK+o+Gq0qbPgCAR1wuACIw7rOKA=="
        },
        "node_modules/@bradthomasbrown/machine": {
            "version": "1.0.0",
            "resolved": "https://registry.npmjs.org/@bradthomasbrown/machine/-/machine-1.0.0.tgz",
            "integrity": "sha512-5/y1LnId3k3/xZOraUhTs1eAR2eQz3b+v+RhDbFFOfEQKMmW7Z3IJzHK8gLyFJo2gIFCbvNvqao877zpcNaw5Q=="
        },
        "node_modules/@bradthomasbrown/podman": {
            "version": "1.1.7",
            "resolved": "https://registry.npmjs.org/@bradthomasbrown/podman/-/podman-1.1.7.tgz",
            "integrity": "sha512-t8/yLda6k/T2BgrztvdIJbIZjBPCvVqJG524ceCNW6oPa7cwP0uT49yrhXHfj4dsicONKOTHYFcWzDGjx9hb6g=="
        },
        "node_modules/@bradthomasbrown/rlp": {
            "version": "1.0.0",
            "resolved": "https://registry.npmjs.org/@bradthomasbrown/rlp/-/rlp-1.0.0.tgz",
            "integrity": "sha512-XoFHsXsIhwVfkgwneB9K75ydSR2vTW+EdoomgZOPzntSY0umkeOlqIhPvt1nus6SvqjfwgtmuwXJbMxshmXZag=="
        },
        "node_modules/@types/bun": {
            "version": "1.3.5",
            "resolved": "https://registry.npmjs.org/@types/bun/-/bun-1.3.5.tgz",
            "integrity": "sha512-RnygCqNrd3srIPEWBd5LFeUYG7plCoH2Yw9WaZGyNmdTEei+gWaHqydbaIRkIkcbXwhBT94q78QljxN0Sk838w==",
            "license": "MIT",
            "dependencies": {
                "bun-types": "1.3.5"
            }
        },
        "node_modules/@types/node": {
            "version": "25.0.3",
            "resolved": "https://registry.npmjs.org/@types/node/-/node-25.0.3.tgz",
            "integrity": "sha512-W609buLVRVmeW693xKfzHeIV6nJGGz98uCPfeXI1ELMLXVeKYZ9m15fAMSaUPBHYLGFsVRcMmSCksQOrZV9BYA==",
            "license": "MIT",
            "dependencies": {
                "undici-types": "~7.16.0"
            }
        },
        "node_modules/bun-types": {
            "version": "1.3.5",
            "resolved": "https://registry.npmjs.org/bun-types/-/bun-types-1.3.5.tgz",
            "integrity": "sha512-inmAYe2PFLs0SUbFOWSVD24sg1jFlMPxOjOSSCYqUgn4Hsc3rDc7dFvfVYjFPNHtov6kgUeulV4SxbuIV/stPw==",
            "license": "MIT",
            "dependencies": {
                "@types/node": "*"
            }
        },
        "node_modules/undici-types": {
            "version": "7.16.0",
            "resolved": "https://registry.npmjs.org/undici-types/-/undici-types-7.16.0.tgz",
            "integrity": "sha512-Zz+aZWSj8LE6zoxD+xrjh4VfkIG8Ya6LvYkZqtUQGJPZjYl53ypCaUwWqo7eI0x66KBGeRo+mlBEkMSeSZ38Nw==",
            "license": "MIT"
        }
    }
}
