{
    "name": "@bradthomasbrown/evm-single-context",
    "version": "1.0.0",
    "lockfileVersion": 3,
    "requires": true,
    "packages": {
        "": {
            "name": "@bradthomasbrown/evm-single-context",
            "version": "1.0.0",
            "dependencies": {
                "@bradthomasbrown/75bb14": "^1.0.1",
                "@bradthomasbrown/900ef2": "^1.0.0",
                "@bradthomasbrown/ecdsa": "^2.0.3",
                "@bradthomasbrown/entity": "^1.0.2",
                "@bradthomasbrown/finite-field": "^2.0.6",
                "@bradthomasbrown/keccak": "^1.0.2",
                "@bradthomasbrown/machine": "^1.0.0",
                "@bradthomasbrown/rlp": "^1.0.0",
                "@bradthomasbrown/sha": "^1.0.0"
            }
        },
        "node_modules/@bradthomasbrown/75bb14": {
            "version": "1.0.1",
            "resolved": "https://registry.npmjs.org/@bradthomasbrown/75bb14/-/75bb14-1.0.1.tgz",
            "integrity": "sha512-MbZrFwNJE3xGtqHSiuZ7Ydrd+MOuJuMmPRnR4bPeslCLy9ndBgMmnKtv3qOmY4PZw/AYe1aSwsEoAVUEclXVyQ==",
            "dependencies": {
                "@bradthomasbrown/ecdsa": "^2.0.2",
                "@bradthomasbrown/ejra": "^1.0.6",
                "@bradthomasbrown/entity": "^1.0.2",
                "@bradthomasbrown/keccak": "^1.0.2",
                "@bradthomasbrown/rlp": "^1.0.0"
            }
        },
        "node_modules/@bradthomasbrown/900ef2": {
            "version": "1.0.0",
            "resolved": "https://registry.npmjs.org/@bradthomasbrown/900ef2/-/900ef2-1.0.0.tgz",
            "integrity": "sha512-Q4ZiC3jHlS2wzF7Wia7dpEupTyebZvVNznPjrxoIjH+JuR0ReOxj5Cec/QqxPvms9zUlOBsvnBa8wtnoLsJg6g==",
            "dependencies": {
                "@bradthomasbrown/ejra": "^1.0.5",
                "@bradthomasbrown/podman": "^1.1.7"
            }
        },
        "node_modules/@bradthomasbrown/ecdsa": {
            "version": "2.0.3",
            "resolved": "https://registry.npmjs.org/@bradthomasbrown/ecdsa/-/ecdsa-2.0.3.tgz",
            "integrity": "sha512-bDm13uGfO+VhZNBgwcA6JFlOUsyE8vVZi+A511WerpD/dAPsOgee7WSNy+Kr/P3jB5Qj+LXgFlfdKP9EqxTcEQ==",
            "dependencies": {
                "@bradthomasbrown/finite-curve": "^3.0.0",
                "@bradthomasbrown/finite-domain": "^2.0.0",
                "@bradthomasbrown/keccak": "^1.0.2"
            }
        },
        "node_modules/@bradthomasbrown/ejra": {
            "version": "1.0.6",
            "resolved": "https://registry.npmjs.org/@bradthomasbrown/ejra/-/ejra-1.0.6.tgz",
            "integrity": "sha512-33VDrlvNCV9Gqx5RMAcDWkqMJXMDBeK3/Y+R/EOU/H0Z9mFcCi5dlQDeqLJNbwh+e3QOkXjH20lrGxB32QR4dw==",
            "dependencies": {
                "@bradthomasbrown/jra": "^1.0.6"
            }
        },
        "node_modules/@bradthomasbrown/entity": {
            "version": "1.0.2",
            "resolved": "https://registry.npmjs.org/@bradthomasbrown/entity/-/entity-1.0.2.tgz",
            "integrity": "sha512-E/hI5L7DIku8IuSPSOzGfO42LXE6SuwzALIoV0DQ8SPsRmxQu9JuaaGiRLSEjWXchtkBx24P6HTUKfqKPVjnmg==",
            "dependencies": {
                "@bradthomasbrown/ecdsa": "^2.0.2",
                "@bradthomasbrown/finite-curve": "^3.0.0",
                "@bradthomasbrown/finite-domain": "^2.0.0",
                "@bradthomasbrown/keccak": "^1.0.2"
            }
        },
        "node_modules/@bradthomasbrown/finite-curve": {
            "version": "3.0.0",
            "resolved": "https://registry.npmjs.org/@bradthomasbrown/finite-curve/-/finite-curve-3.0.0.tgz",
            "integrity": "sha512-iUnTvhfAjp5iYWU89KWyNMRN4Z1SdeOB963vMW48ea3/OgSWCcgtd7BM2mZJm/hez0+iEPo8LIFuE5EsH6jzqA==",
            "dependencies": {
                "@bradthomasbrown/finite-field": "^2.0.0"
            }
        },
        "node_modules/@bradthomasbrown/finite-domain": {
            "version": "2.0.0",
            "resolved": "https://registry.npmjs.org/@bradthomasbrown/finite-domain/-/finite-domain-2.0.0.tgz",
            "integrity": "sha512-cGJsXPFKQ+CkGexolfTD8k3I6XIXN5iODPcBKZ7TaivVWezuMCVH1rApWzhZHVL4PYAYJZuX2UfFoXJ/Ewsuew==",
            "dependencies": {
                "@bradthomasbrown/finite-curve": "^3.0.0",
                "@bradthomasbrown/finite-field": "^2.0.0"
            }
        },
        "node_modules/@bradthomasbrown/finite-field": {
            "version": "2.0.6",
            "resolved": "https://registry.npmjs.org/@bradthomasbrown/finite-field/-/finite-field-2.0.6.tgz",
            "integrity": "sha512-0in7LXWOwRZsKVmJU+7AnBsBQIbQUSXTl6K4dca69MX6lzMSQItap5X3Pvu49ZhKt3G8gMPJMrZd85+Fs5PGxg=="
        },
        "node_modules/@bradthomasbrown/jra": {
            "version": "1.0.6",
            "resolved": "https://registry.npmjs.org/@bradthomasbrown/jra/-/jra-1.0.6.tgz",
            "integrity": "sha512-Rhj65BY2sn6IDedRuiqQH/yeK4xqRZDrBvCH2IqlnNY1tkPu9/9PLyMub4sZmq7WsBMze43gTiiJ8PuqUIemIw=="
        },
        "node_modules/@bradthomasbrown/keccak": {
            "version": "1.0.2",
            "resolved": "https://registry.npmjs.org/@bradthomasbrown/keccak/-/keccak-1.0.2.tgz",
            "integrity": "sha512-Jdj5CN/ZsmZleHMuSr2WWxYnUrAPrrIOKq4FLGFubmKZ/k+TwVh0WtP1lofBkuGlFw4yDaVE0KSeVXJgkg8z+Q=="
        },
        "node_modules/@bradthomasbrown/machine": {
            "version": "1.0.0",
            "resolved": "https://registry.npmjs.org/@bradthomasbrown/machine/-/machine-1.0.0.tgz",
            "integrity": "sha512-5/y1LnId3k3/xZOraUhTs1eAR2eQz3b+v+RhDbFFOfEQKMmW7Z3IJzHK8gLyFJo2gIFCbvNvqao877zpcNaw5Q=="
        },
        "node_modules/@bradthomasbrown/podman": {
            "version": "1.1.7",
            "resolved": "https://registry.npmjs.org/@bradthomasbrown/podman/-/podman-1.1.7.tgz",
            "integrity": "sha512-t8/yLda6k/T2BgrztvdIJbIZjBPCvVqJG524ceCNW6oPa7cwP0uT49yrhXHfj4dsicONKOTHYFcWzDGjx9hb6g=="
        },
        "node_modules/@bradthomasbrown/rlp": {
            "version": "1.0.0",
            "resolved": "https://registry.npmjs.org/@bradthomasbrown/rlp/-/rlp-1.0.0.tgz",
            "integrity": "sha512-XoFHsXsIhwVfkgwneB9K75ydSR2vTW+EdoomgZOPzntSY0umkeOlqIhPvt1nus6SvqjfwgtmuwXJbMxshmXZag=="
        },
        "node_modules/@bradthomasbrown/sha": {
            "version": "1.0.0",
            "resolved": "https://registry.npmjs.org/@bradthomasbrown/sha/-/sha-1.0.0.tgz",
            "integrity": "sha512-q6/wmIuBYjroGt3DhV+hfoiTUYhS8XrmMg6iguTzXrbVIzndoepD14huXbW4UCO2Ee7hXI/n21JEpJCA1sDL2w=="
        }
    }
}
